// !$*UTF8*$!
{
	archiveVersion = 1;
	classes = {
	};
	objectVersion = 46;
	objects = {

/* Begin PBXBuildFile section */
		09BEADEB158618D900144302 /* UIKit.framework in Frameworks */ = {isa = PBXBuildFile; fileRef = 09BEADEA158618D900144302 /* UIKit.framework */; };
		09BEADED158618D900144302 /* Foundation.framework in Frameworks */ = {isa = PBXBuildFile; fileRef = 09BEADEC158618D900144302 /* Foundation.framework */; };
		09BEADEF158618D900144302 /* CoreGraphics.framework in Frameworks */ = {isa = PBXBuildFile; fileRef = 09BEADEE158618D900144302 /* CoreGraphics.framework */; };
		09BEADF5158618D900144302 /* InfoPlist.strings in Resources */ = {isa = PBXBuildFile; fileRef = 09BEADF3158618D900144302 /* InfoPlist.strings */; };
		09BEADF7158618D900144302 /* main.m in Sources */ = {isa = PBXBuildFile; fileRef = 09BEADF6158618D900144302 /* main.m */; };
		09BEADFB158618D900144302 /* AppDelegate.m in Sources */ = {isa = PBXBuildFile; fileRef = 09BEADFA158618D900144302 /* AppDelegate.m */; };
		09BEADFE158618D900144302 /* MainStoryboard.storyboard in Resources */ = {isa = PBXBuildFile; fileRef = 09BEADFC158618D900144302 /* MainStoryboard.storyboard */; };
		09BEAE01158618D900144302 /* FirstViewController.m in Sources */ = {isa = PBXBuildFile; fileRef = 09BEAE00158618D900144302 /* FirstViewController.m */; };
		09BEAE03158618D900144302 /* first.png in Resources */ = {isa = PBXBuildFile; fileRef = 09BEAE02158618D900144302 /* first.png */; };
		09BEAE05158618D900144302 /* first@2x.png in Resources */ = {isa = PBXBuildFile; fileRef = 09BEAE04158618D900144302 /* first@2x.png */; };
		09BEAE08158618D900144302 /* SecondViewController.m in Sources */ = {isa = PBXBuildFile; fileRef = 09BEAE07158618D900144302 /* SecondViewController.m */; };
		09BEAE0A158618D900144302 /* second.png in Resources */ = {isa = PBXBuildFile; fileRef = 09BEAE09158618D900144302 /* second.png */; };
		09BEAE0C158618D900144302 /* second@2x.png in Resources */ = {isa = PBXBuildFile; fileRef = 09BEAE0B158618D900144302 /* second@2x.png */; };
/* End PBXBuildFile section */

/* Begin PBXFileReference section */
		09BEADE6158618D900144302 /* Passport.app */ = {isa = PBXFileReference; explicitFileType = wrapper.application; includeInIndex = 0; path = Passport.app; sourceTree = BUILT_PRODUCTS_DIR; };
		09BEADEA158618D900144302 /* UIKit.framework */ = {isa = PBXFileReference; lastKnownFileType = wrapper.framework; name = UIKit.framework; path = System/Library/Frameworks/UIKit.framework; sourceTree = SDKROOT; };
		09BEADEC158618D900144302 /* Foundation.framework */ = {isa = PBXFileReference; lastKnownFileType = wrapper.framework; name = Foundation.framework; path = System/Library/Frameworks/Foundation.framework; sourceTree = SDKROOT; };
		09BEADEE158618D900144302 /* CoreGraphics.framework */ = {isa = PBXFileReference; lastKnownFileType = wrapper.framework; name = CoreGraphics.framework; path = System/Library/Frameworks/CoreGraphics.framework; sourceTree = SDKROOT; };
		09BEADF2158618D900144302 /* Passport-Info.plist */ = {isa = PBXFileReference; path = "Passport-Info.plist"; sourceTree = "<group>"; };
		09BEADF4158618D900144302 /* en */ = {isa = PBXFileReference; lastKnownFileType = text.plist.strings; name = en; path = en.lproj/InfoPlist.strings; sourceTree = "<group>"; };
		09BEADF6158618D900144302 /* main.m */ = {isa = PBXFileReference; lastKnownFileType = sourcecode.c.objc; path = main.m; sourceTree = "<group>"; };
		09BEADF8158618D900144302 /* Passport-Prefix.pch */ = {isa = PBXFileReference; path = "Passport-Prefix.pch"; sourceTree = "<group>"; };
		09BEADF9158618D900144302 /* AppDelegate.h */ = {isa = PBXFileReference; path = AppDelegate.h; sourceTree = "<group>"; };
		09BEADFA158618D900144302 /* AppDelegate.m */ = {isa = PBXFileReference; lastKnownFileType = sourcecode.c.objc; path = AppDelegate.m; sourceTree = "<group>"; };
		09BEADFD158618D900144302 /* en */ = {isa = PBXFileReference; lastKnownFileType = file.storyboard; name = en; path = en.lproj/MainStoryboard.storyboard; sourceTree = "<group>"; };
		09BEADFF158618D900144302 /* FirstViewController.h */ = {isa = PBXFileReference; path = FirstViewController.h; sourceTree = "<group>"; };
		09BEAE00158618D900144302 /* FirstViewController.m */ = {isa = PBXFileReference; lastKnownFileType = sourcecode.c.objc; path = FirstViewController.m; sourceTree = "<group>"; };
		09BEAE02158618D900144302 /* first.png */ = {isa = PBXFileReference; lastKnownFileType = image.png; path = first.png; sourceTree = "<group>"; };
		09BEAE04158618D900144302 /* first@2x.png */ = {isa = PBXFileReference; lastKnownFileType = image.png; path = "first@2x.png"; sourceTree = "<group>"; };
		09BEAE06158618D900144302 /* SecondViewController.h */ = {isa = PBXFileReference; path = SecondViewController.h; sourceTree = "<group>"; };
		09BEAE07158618D900144302 /* SecondViewController.m */ = {isa = PBXFileReference; lastKnownFileType = sourcecode.c.objc; path = SecondViewController.m; sourceTree = "<group>"; };
		09BEAE09158618D900144302 /* second.png */ = {isa = PBXFileReference; lastKnownFileType = image.png; path = second.png; sourceTree = "<group>"; };
		09BEAE0B158618D900144302 /* second@2x.png */ = {isa = PBXFileReference; lastKnownFileType = image.png; path = "second@2x.png"; sourceTree = "<group>"; };
/* End PBXFileReference section */

/* Begin PBXFrameworksBuildPhase section */
		09BEADE3158618D900144302 /* Frameworks */ = {
			isa = PBXFrameworksBuildPhase;
			buildActionMask = 2147483647;
			files = (
				09BEADEB158618D900144302 /* UIKit.framework in Frameworks */,
				09BEADED158618D900144302 /* Foundation.framework in Frameworks */,
				09BEADEF158618D900144302 /* CoreGraphics.framework in Frameworks */,
			);
			runOnlyForDeploymentPostprocessing = 0;
		};
/* End PBXFrameworksBuildPhase section */

/* Begin PBXGroup section */
		09BEADDB158618D900144302 = {
			isa = PBXGroup;
			children = (
				09BEADF0158618D900144302 /* Passport */,
				09BEADE9158618D900144302 /* Frameworks */,
				09BEADE7158618D900144302 /* Products */,
			);
			sourceTree = "<group>";
		};
		09BEADE7158618D900144302 /* Products */ = {
			isa = PBXGroup;
			children = (
				09BEADE6158618D900144302 /* Passport.app */,
			);
			name = Products;
			sourceTree = "<group>";
		};
		09BEADE9158618D900144302 /* Frameworks */ = {
			isa = PBXGroup;
			children = (
				09BEADEA158618D900144302 /* UIKit.framework */,
				09BEADEC158618D900144302 /* Foundation.framework */,
				09BEADEE158618D900144302 /* CoreGraphics.framework */,
			);
			name = Frameworks;
			sourceTree = "<group>";
		};
		09BEADF0158618D900144302 /* Passport */ = {
			isa = PBXGroup;
			children = (
				09BEADF9158618D900144302 /* AppDelegate.h */,
				09BEADFA158618D900144302 /* AppDelegate.m */,
				09BEADFC158618D900144302 /* MainStoryboard.storyboard */,
				09BEADFF158618D900144302 /* FirstViewController.h */,
				09BEAE00158618D900144302 /* FirstViewController.m */,
				09BEAE02158618D900144302 /* first.png */,
				09BEAE04158618D900144302 /* first@2x.png */,
				09BEAE06158618D900144302 /* SecondViewController.h */,
				09BEAE07158618D900144302 /* SecondViewController.m */,
				09BEAE09158618D900144302 /* second.png */,
				09BEAE0B158618D900144302 /* second@2x.png */,
				09BEADF1158618D900144302 /* Supporting Files */,
			);
			path = Passport;
			sourceTree = "<group>";
		};
		09BEADF1158618D900144302 /* Supporting Files */ = {
			isa = PBXGroup;
			children = (
				09BEADF2158618D900144302 /* Passport-Info.plist */,
				09BEADF3158618D900144302 /* InfoPlist.strings */,
				09BEADF6158618D900144302 /* main.m */,
				09BEADF8158618D900144302 /* Passport-Prefix.pch */,
			);
			name = "Supporting Files";
			sourceTree = "<group>";
		};
/* End PBXGroup section */

/* Begin PBXNativeTarget section */
		09BEADE5158618D900144302 /* Passport */ = {
			isa = PBXNativeTarget;
			buildConfigurationList = 09BEAE0F158618D900144302 /* Build configuration list for PBXNativeTarget "Passport" */;
			buildPhases = (
				09BEADE2158618D900144302 /* Sources */,
				09BEADE3158618D900144302 /* Frameworks */,
				09BEADE4158618D900144302 /* Resources */,
			);
			buildRules = (
			);
			dependencies = (
			);
			name = Passport;
			productName = Passport;
			productReference = 09BEADE6158618D900144302 /* Passport.app */;
			productType = "com.apple.product-type.application";
		};
/* End PBXNativeTarget section */

/* Begin PBXProject section */
		09BEADDD158618D900144302 /* Project object */ = {
			isa = PBXProject;
			attributes = {
				LastUpgradeCheck = 0430;
				ORGANIZATIONNAME = "Studio Mobile";
			};
			buildConfigurationList = 09BEADE0158618D900144302 /* Build configuration list for PBXProject "Passport" */;
			compatibilityVersion = "Xcode 3.2";
			developmentRegion = English;
			hasScannedForEncodings = 0;
			knownRegions = (
				en,
			);
			mainGroup = 09BEADDB158618D900144302;
			productRefGroup = 09BEADE7158618D900144302 /* Products */;
			projectDirPath = "";
			projectRoot = "";
			targets = (
				09BEADE5158618D900144302 /* Passport */,
			);
		};
/* End PBXProject section */

/* Begin PBXResourcesBuildPhase section */
		09BEADE4158618D900144302 /* Resources */ = {
			isa = PBXResourcesBuildPhase;
			buildActionMask = 2147483647;
			files = (
				09BEADF5158618D900144302 /* InfoPlist.strings in Resources */,
				09BEADFE158618D900144302 /* MainStoryboard.storyboard in Resources */,
				09BEAE03158618D900144302 /* first.png in Resources */,
				09BEAE05158618D900144302 /* first@2x.png in Resources */,
				09BEAE0A158618D900144302 /* second.png in Resources */,
				09BEAE0C158618D900144302 /* second@2x.png in Resources */,
			);
			runOnlyForDeploymentPostprocessing = 0;
		};
/* End PBXResourcesBuildPhase section */

/* Begin PBXSourcesBuildPhase section */
		09BEADE2158618D900144302 /* Sources */ = {
			isa = PBXSourcesBuildPhase;
			buildActionMask = 2147483647;
			files = (
				09BEADF7158618D900144302 /* main.m in Sources */,
				09BEADFB158618D900144302 /* AppDelegate.m in Sources */,
				09BEAE01158618D900144302 /* FirstViewController.m in Sources */,
				09BEAE08158618D900144302 /* SecondViewController.m in Sources */,
			);
			runOnlyForDeploymentPostprocessing = 0;
		};
/* End PBXSourcesBuildPhase section */

/* Begin PBXVariantGroup section */
		09BEADF3158618D900144302 /* InfoPlist.strings */ = {
			isa = PBXVariantGroup;
			children = (
				09BEADF4158618D900144302 /* en */,
			);
			name = InfoPlist.strings;
			sourceTree = "<group>";
		};
		09BEADFC158618D900144302 /* MainStoryboard.storyboard */ = {
			isa = PBXVariantGroup;
			children = (
				09BEADFD158618D900144302 /* en */,
			);
			name = MainStoryboard.storyboard;
			sourceTree = "<group>";
		};
/* End PBXVariantGroup section */

/* Begin XCBuildConfiguration section */
		09BEAE0D158618D900144302 /* Debug */ = {
			isa = XCBuildConfiguration;
			buildSettings = {
				ALWAYS_SEARCH_USER_PATHS = NO;
				ARCHS = "$(ARCHS_STANDARD_32_BIT)";
				CLANG_ENABLE_OBJC_ARC = YES;
				"CODE_SIGN_IDENTITY[sdk=iphoneos*]" = "iPhone Developer";
				COPY_PHASE_STRIP = NO;
				GCC_C_LANGUAGE_STANDARD = gnu99;
				GCC_DYNAMIC_NO_PIC = NO;
				GCC_OPTIMIZATION_LEVEL = 0;
				GCC_PREPROCESSOR_DEFINITIONS = (
					"DEBUG=1",
					"$(inherited)",
				);
				GCC_SYMBOLS_PRIVATE_EXTERN = NO;
				GCC_VERSION = com.apple.compilers.llvm.clang.1_0;
				GCC_WARN_ABOUT_RETURN_TYPE = YES;
				GCC_WARN_UNINITIALIZED_AUTOS = YES;
				GCC_WARN_UNUSED_VARIABLE = YES;
				IPHONEOS_DEPLOYMENT_TARGET = 5.1;
				SDKROOT = iphoneos;
			};
			name = Debug;
		};
		09BEAE0E158618D900144302 /* Release */ = {
			isa = XCBuildConfiguration;
			buildSettings = {
				ALWAYS_SEARCH_USER_PATHS = NO;
				ARCHS = "$(ARCHS_STANDARD_32_BIT)";
				CLANG_ENABLE_OBJC_ARC = YES;
				"CODE_SIGN_IDENTITY[sdk=iphoneos*]" = "iPhone Developer";
				COPY_PHASE_STRIP = YES;
				GCC_C_LANGUAGE_STANDARD = gnu99;
				GCC_VERSION = com.apple.compilers.llvm.clang.1_0;
				GCC_WARN_ABOUT_RETURN_TYPE = YES;
				GCC_WARN_UNINITIALIZED_AUTOS = YES;
				GCC_WARN_UNUSED_VARIABLE = YES;
				IPHONEOS_DEPLOYMENT_TARGET = 5.1;
				OTHER_CFLAGS = "-DNS_BLOCK_ASSERTIONS=1";
				SDKROOT = iphoneos;
				VALIDATE_PRODUCT = YES;
			};
			name = Release;
		};
		09BEAE10158618D900144302 /* Debug */ = {
			isa = XCBuildConfiguration;
			buildSettings = {
				GCC_PRECOMPILE_PREFIX_HEADER = YES;
				GCC_PREFIX_HEADER = "Passport/Passport-Prefix.pch";
				INFOPLIST_FILE = "Passport/Passport-Info.plist";
				PRODUCT_NAME = "$(TARGET_NAME)";
				WRAPPER_EXTENSION = app;
			};
			name = Debug;
		};
		09BEAE11158618D900144302 /* Release */ = {
			isa = XCBuildConfiguration;
			buildSettings = {
				GCC_PRECOMPILE_PREFIX_HEADER = YES;
				GCC_PREFIX_HEADER = "Passport/Passport-Prefix.pch";
				INFOPLIST_FILE = "Passport/Passport-Info.plist";
				PRODUCT_NAME = "$(TARGET_NAME)";
				WRAPPER_EXTENSION = app;
			};
			name = Release;
		};
/* End XCBuildConfiguration section */

/* Begin XCConfigurationList section */
		09BEADE0158618D900144302 /* Build configuration list for PBXProject "Passport" */ = {
			isa = XCConfigurationList;
			buildConfigurations = (
				09BEAE0D158618D900144302 /* Debug */,
				09BEAE0E158618D900144302 /* Release */,
			);
			defaultConfigurationIsVisible = 0;
			defaultConfigurationName = Release;
		};
		09BEAE0F158618D900144302 /* Build configuration list for PBXNativeTarget "Passport" */ = {
			isa = XCConfigurationList;
			buildConfigurations = (
				09BEAE10158618D900144302 /* Debug */,
				09BEAE11158618D900144302 /* Release */,
			);
			defaultConfigurationIsVisible = 0;
		};
/* End XCConfigurationList section */
	};
	rootObject = 09BEADDD158618D900144302 /* Project object */;
}
