// !$*UTF8*$!
{
	archiveVersion = 1;
	classes = {
	};
	objectVersion = 46;
	objects = {

/* Begin PBXBuildFile section */
		0927E2BD1587AB3300B3EA3B /* MessageUI.framework in Frameworks */ = {isa = PBXBuildFile; fileRef = 0927E2BC1587AB3300B3EA3B /* MessageUI.framework */; };
		0927E2C01587B0BE00B3EA3B /* GenderFormatter.m in Sources */ = {isa = PBXBuildFile; fileRef = 0927E2BF1587B0BE00B3EA3B /* GenderFormatter.m */; };
		093E9B25158E02BA00ED054B /* passport-57x57.png in Resources */ = {isa = PBXBuildFile; fileRef = 093E9B24158E02BA00ED054B /* passport-57x57.png */; };
		093E9B27158E02BE00ED054B /* passport-114x114.png in Resources */ = {isa = PBXBuildFile; fileRef = 093E9B26158E02BE00ED054B /* passport-114x114.png */; };
		0944213F158CF72000FFDA71 /* print.template in Resources */ = {isa = PBXBuildFile; fileRef = 0944213E158CF72000FFDA71 /* print.template */; };
		0948FB6916A85DDF00A1A4CE /* libFlurry.a in Frameworks */ = {isa = PBXBuildFile; fileRef = 0948FB6816A85DDF00A1A4CE /* libFlurry.a */; };
		0948FB7516A8600000A1A4CE /* libGoogleAdMobAds.a in Frameworks */ = {isa = PBXBuildFile; fileRef = 0948FB7416A8600000A1A4CE /* libGoogleAdMobAds.a */; };
		0948FB7716A8618200A1A4CE /* AdSupport.framework in Frameworks */ = {isa = PBXBuildFile; fileRef = 0948FB7616A8618200A1A4CE /* AdSupport.framework */; };
		0948FB8716A867FF00A1A4CE /* libInAppPurchase.a in Frameworks */ = {isa = PBXBuildFile; fileRef = 0948FB8216A8671100A1A4CE /* libInAppPurchase.a */; };
		09591EDC159E24C4003000D5 /* AudioToolbox.framework in Frameworks */ = {isa = PBXBuildFile; fileRef = 09591EDB159E24C4003000D5 /* AudioToolbox.framework */; };
		09591EDE159E24CF003000D5 /* SystemConfiguration.framework in Frameworks */ = {isa = PBXBuildFile; fileRef = 09591EDD159E24CF003000D5 /* SystemConfiguration.framework */; };
		098CEB56158720A10047294E /* NSDate+Formatter.m in Sources */ = {isa = PBXBuildFile; fileRef = 098CEB55158720A10047294E /* NSDate+Formatter.m */; };
		0991FA48158934880075A50F /* SettingsRepository.m in Sources */ = {isa = PBXBuildFile; fileRef = 0991FA47158934880075A50F /* SettingsRepository.m */; };
		0991FA4C1589437F0075A50F /* MainViewController.m in Sources */ = {isa = PBXBuildFile; fileRef = 0991FA4B1589437F0075A50F /* MainViewController.m */; };
		0993A426158C7059009DB6E7 /* NSString+Hash.m in Sources */ = {isa = PBXBuildFile; fileRef = 0993A425158C7059009DB6E7 /* NSString+Hash.m */; };
		0993A429158C82DA009DB6E7 /* button_green@2x.png in Resources */ = {isa = PBXBuildFile; fileRef = 0993A427158C82DA009DB6E7 /* button_green@2x.png */; };
		0993A42A158C82DA009DB6E7 /* button_green.png in Resources */ = {isa = PBXBuildFile; fileRef = 0993A428158C82DA009DB6E7 /* button_green.png */; };
		0993A42D158C854C009DB6E7 /* UIButton+Gradient.m in Sources */ = {isa = PBXBuildFile; fileRef = 0993A42C158C854C009DB6E7 /* UIButton+Gradient.m */; };
		09966BEA15A0882C00C5C7E0 /* button_red@2.png in Resources */ = {isa = PBXBuildFile; fileRef = 09966BE815A0882C00C5C7E0 /* button_red@2.png */; };
		09966BEB15A0882C00C5C7E0 /* button_red.png in Resources */ = {isa = PBXBuildFile; fileRef = 09966BE915A0882C00C5C7E0 /* button_red.png */; };
		09966BEE15A088D100C5C7E0 /* button_gray@2.png in Resources */ = {isa = PBXBuildFile; fileRef = 09966BEC15A088D100C5C7E0 /* button_gray@2.png */; };
		09966BEF15A088D100C5C7E0 /* button_gray.png in Resources */ = {isa = PBXBuildFile; fileRef = 09966BED15A088D100C5C7E0 /* button_gray.png */; };
		09966BF515A08F4700C5C7E0 /* StoreKit.framework in Frameworks */ = {isa = PBXBuildFile; fileRef = 09966BF415A08F4700C5C7E0 /* StoreKit.framework */; };
		09966BFF15A0F02600C5C7E0 /* DisableAdProductActivator.m in Sources */ = {isa = PBXBuildFile; fileRef = 09966BFE15A0F02600C5C7E0 /* DisableAdProductActivator.m */; };
		099FB28A15879C04009D4A05 /* e-mail.template in Resources */ = {isa = PBXBuildFile; fileRef = 099FB28915879C03009D4A05 /* e-mail.template */; };
		099FB28D1587A09C009D4A05 /* TextComposer.m in Sources */ = {isa = PBXBuildFile; fileRef = 099FB28C1587A09C009D4A05 /* TextComposer.m */; };
		09A18EA3159CF8B900EFE5AF /* CustomCityViewController.m in Sources */ = {isa = PBXBuildFile; fileRef = 09A18EA2159CF8B900EFE5AF /* CustomCityViewController.m */; };
		09B4D74F16AAA6D8005B9E06 /* AbstractActionSheetPicker.m in Sources */ = {isa = PBXBuildFile; fileRef = 09B4D74616AAA6D8005B9E06 /* AbstractActionSheetPicker.m */; settings = {COMPILER_FLAGS = "-fno-objc-arc"; }; };
		09B4D75016AAA6D8005B9E06 /* ActionSheetDatePicker.m in Sources */ = {isa = PBXBuildFile; fileRef = 09B4D74816AAA6D8005B9E06 /* ActionSheetDatePicker.m */; settings = {COMPILER_FLAGS = "-fno-objc-arc"; }; };
		09B4D75116AAA6D8005B9E06 /* ActionSheetDistancePicker.m in Sources */ = {isa = PBXBuildFile; fileRef = 09B4D74A16AAA6D8005B9E06 /* ActionSheetDistancePicker.m */; settings = {COMPILER_FLAGS = "-fno-objc-arc"; }; };
		09B4D75216AAA6D8005B9E06 /* ActionSheetStringPicker.m in Sources */ = {isa = PBXBuildFile; fileRef = 09B4D74C16AAA6D8005B9E06 /* ActionSheetStringPicker.m */; settings = {COMPILER_FLAGS = "-fno-objc-arc"; }; };
		09B4D75316AAA6D8005B9E06 /* DistancePickerView.m in Sources */ = {isa = PBXBuildFile; fileRef = 09B4D74E16AAA6D8005B9E06 /* DistancePickerView.m */; settings = {COMPILER_FLAGS = "-fno-objc-arc"; }; };
		09B4D75816AAA6FA005B9E06 /* JSONKit.m in Sources */ = {isa = PBXBuildFile; fileRef = 09B4D75716AAA6FA005B9E06 /* JSONKit.m */; settings = {COMPILER_FLAGS = "-fno-objc-arc"; }; };
		09B4D75C16AAA70E005B9E06 /* Reachability.m in Sources */ = {isa = PBXBuildFile; fileRef = 09B4D75B16AAA70E005B9E06 /* Reachability.m */; settings = {COMPILER_FLAGS = "-fno-objc-arc"; }; };
		09B4D76016AAA723005B9E06 /* UICKeyChainStore.m in Sources */ = {isa = PBXBuildFile; fileRef = 09B4D75F16AAA723005B9E06 /* UICKeyChainStore.m */; settings = {COMPILER_FLAGS = "-fno-objc-arc"; }; };
		09BEADEB158618D900144302 /* UIKit.framework in Frameworks */ = {isa = PBXBuildFile; fileRef = 09BEADEA158618D900144302 /* UIKit.framework */; };
		09BEADED158618D900144302 /* Foundation.framework in Frameworks */ = {isa = PBXBuildFile; fileRef = 09BEADEC158618D900144302 /* Foundation.framework */; };
		09BEADEF158618D900144302 /* CoreGraphics.framework in Frameworks */ = {isa = PBXBuildFile; fileRef = 09BEADEE158618D900144302 /* CoreGraphics.framework */; };
		09BEADF7158618D900144302 /* main.m in Sources */ = {isa = PBXBuildFile; fileRef = 09BEADF6158618D900144302 /* main.m */; };
		09BEADFB158618D900144302 /* AppDelegate.m in Sources */ = {isa = PBXBuildFile; fileRef = 09BEADFA158618D900144302 /* AppDelegate.m */; };
		09BEAE01158618D900144302 /* PassportViewController.m in Sources */ = {isa = PBXBuildFile; fileRef = 09BEAE00158618D900144302 /* PassportViewController.m */; };
		09BEAE08158618D900144302 /* SettingsViewController.m in Sources */ = {isa = PBXBuildFile; fileRef = 09BEAE07158618D900144302 /* SettingsViewController.m */; };
		09BEAE13158619DD00144302 /* MainStoryboard.storyboard in Resources */ = {isa = PBXBuildFile; fileRef = 09BEAE14158619DD00144302 /* MainStoryboard.storyboard */; };
		09BEAE1F15861BE100144302 /* ScansViewController.m in Sources */ = {isa = PBXBuildFile; fileRef = 09BEAE1E15861BE100144302 /* ScansViewController.m */; };
		09BEAE2315861E9C00144302 /* LoginViewController.m in Sources */ = {isa = PBXBuildFile; fileRef = 09BEAE2215861E9C00144302 /* LoginViewController.m */; };
		09BEAE2A15861F4600144302 /* PasswordViewController.m in Sources */ = {isa = PBXBuildFile; fileRef = 09BEAE2915861F4600144302 /* PasswordViewController.m */; };
		09BEAE3915864DAD00144302 /* passport.png in Resources */ = {isa = PBXBuildFile; fileRef = 09BEAE3715864DAD00144302 /* passport.png */; };
		09BEAE3A15864DAD00144302 /* passport@2x.png in Resources */ = {isa = PBXBuildFile; fileRef = 09BEAE3815864DAD00144302 /* passport@2x.png */; };
		09BEAE3D15864E5C00144302 /* settings.png in Resources */ = {isa = PBXBuildFile; fileRef = 09BEAE3B15864E5C00144302 /* settings.png */; };
		09BEAE3E15864E5C00144302 /* settings@2x.png in Resources */ = {isa = PBXBuildFile; fileRef = 09BEAE3C15864E5C00144302 /* settings@2x.png */; };
		09BEAE4115864E9600144302 /* scanner.png in Resources */ = {isa = PBXBuildFile; fileRef = 09BEAE3F15864E9600144302 /* scanner.png */; };
		09BEAE4215864E9600144302 /* scanner@2x.png in Resources */ = {isa = PBXBuildFile; fileRef = 09BEAE4015864E9600144302 /* scanner@2x.png */; };
		09BEAE46158656DF00144302 /* Passport.m in Sources */ = {isa = PBXBuildFile; fileRef = 09BEAE45158656DF00144302 /* Passport.m */; };
		09BEAEA015868CBD00144302 /* PassportRepository.m in Sources */ = {isa = PBXBuildFile; fileRef = 09BEAE9F15868CBD00144302 /* PassportRepository.m */; };
		09BEAEAE158690B300144302 /* Security.framework in Frameworks */ = {isa = PBXBuildFile; fileRef = 09BEAEAD158690B300144302 /* Security.framework */; };
		09C6BC8716AABD7B00431975 /* InAppPurchase.bundle in Resources */ = {isa = PBXBuildFile; fileRef = 0948FB8416A8671100A1A4CE /* InAppPurchase.bundle */; };
		09D8C6AE159B96BC004B8583 /* StatesViewController.m in Sources */ = {isa = PBXBuildFile; fileRef = 09D8C6AC159B96BC004B8583 /* StatesViewController.m */; };
		09D8C6B1159B9842004B8583 /* states.json in Resources */ = {isa = PBXBuildFile; fileRef = 09D8C6B0159B9842004B8583 /* states.json */; };
		09D8C6B3159B984C004B8583 /* cities.json in Resources */ = {isa = PBXBuildFile; fileRef = 09D8C6B2159B984C004B8583 /* cities.json */; };
		09D8C6B6159BB4C8004B8583 /* CitiesViewController.m in Sources */ = {isa = PBXBuildFile; fileRef = 09D8C6B5159BB4C8004B8583 /* CitiesViewController.m */; };
/* End PBXBuildFile section */

/* Begin PBXContainerItemProxy section */
		093729FC16AAB98C0096E240 /* PBXContainerItemProxy */ = {
			isa = PBXContainerItemProxy;
			containerPortal = 0948FB7816A8671100A1A4CE /* InAppPurchase.xcodeproj */;
			proxyType = 1;
			remoteGlobalIDString = 093E1C2A15A6086700D5538A;
			remoteInfo = Framework;
		};
		0948FB8116A8671100A1A4CE /* PBXContainerItemProxy */ = {
			isa = PBXContainerItemProxy;
			containerPortal = 0948FB7816A8671100A1A4CE /* InAppPurchase.xcodeproj */;
			proxyType = 2;
			remoteGlobalIDString = 093E1BF715A5EE7F00D5538A;
			remoteInfo = InAppPurchase;
		};
		0948FB8316A8671100A1A4CE /* PBXContainerItemProxy */ = {
			isa = PBXContainerItemProxy;
			containerPortal = 0948FB7816A8671100A1A4CE /* InAppPurchase.xcodeproj */;
			proxyType = 2;
			remoteGlobalIDString = 093E1CDB15A62E0200D5538A;
			remoteInfo = InAppPurchaseResources;
		};
/* End PBXContainerItemProxy section */

/* Begin PBXFileReference section */
		0927E2BC1587AB3300B3EA3B /* MessageUI.framework */ = {isa = PBXFileReference; lastKnownFileType = wrapper.framework; name = MessageUI.framework; path = System/Library/Frameworks/MessageUI.framework; sourceTree = SDKROOT; };
		0927E2BE1587B0BE00B3EA3B /* GenderFormatter.h */ = {isa = PBXFileReference; fileEncoding = 4; lastKnownFileType = sourcecode.c.h; path = GenderFormatter.h; sourceTree = "<group>"; };
		0927E2BF1587B0BE00B3EA3B /* GenderFormatter.m */ = {isa = PBXFileReference; fileEncoding = 4; lastKnownFileType = sourcecode.c.objc; path = GenderFormatter.m; sourceTree = "<group>"; };
		093E9B24158E02BA00ED054B /* passport-57x57.png */ = {isa = PBXFileReference; lastKnownFileType = image.png; path = "passport-57x57.png"; sourceTree = "<group>"; };
		093E9B26158E02BE00ED054B /* passport-114x114.png */ = {isa = PBXFileReference; lastKnownFileType = image.png; path = "passport-114x114.png"; sourceTree = "<group>"; };
		0944213E158CF72000FFDA71 /* print.template */ = {isa = PBXFileReference; explicitFileType = text; fileEncoding = 4; path = print.template; sourceTree = "<group>"; };
		0948FB6716A85DDF00A1A4CE /* Flurry.h */ = {isa = PBXFileReference; fileEncoding = 4; lastKnownFileType = sourcecode.c.h; name = Flurry.h; path = Vendor/Flurry/Flurry.h; sourceTree = "<group>"; };
		0948FB6816A85DDF00A1A4CE /* libFlurry.a */ = {isa = PBXFileReference; lastKnownFileType = archive.ar; name = libFlurry.a; path = Vendor/Flurry/libFlurry.a; sourceTree = "<group>"; };
		0948FB6B16A8600000A1A4CE /* GADAdMobExtras.h */ = {isa = PBXFileReference; fileEncoding = 4; lastKnownFileType = sourcecode.c.h; name = GADAdMobExtras.h; path = Vendor/GoogleAdMobAdsSDK/GADAdMobExtras.h; sourceTree = "<group>"; };
		0948FB6C16A8600000A1A4CE /* GADAdNetworkExtras.h */ = {isa = PBXFileReference; fileEncoding = 4; lastKnownFileType = sourcecode.c.h; name = GADAdNetworkExtras.h; path = Vendor/GoogleAdMobAdsSDK/GADAdNetworkExtras.h; sourceTree = "<group>"; };
		0948FB6D16A8600000A1A4CE /* GADAdSize.h */ = {isa = PBXFileReference; fileEncoding = 4; lastKnownFileType = sourcecode.c.h; name = GADAdSize.h; path = Vendor/GoogleAdMobAdsSDK/GADAdSize.h; sourceTree = "<group>"; };
		0948FB6E16A8600000A1A4CE /* GADBannerView.h */ = {isa = PBXFileReference; fileEncoding = 4; lastKnownFileType = sourcecode.c.h; name = GADBannerView.h; path = Vendor/GoogleAdMobAdsSDK/GADBannerView.h; sourceTree = "<group>"; };
		0948FB6F16A8600000A1A4CE /* GADBannerViewDelegate.h */ = {isa = PBXFileReference; fileEncoding = 4; lastKnownFileType = sourcecode.c.h; name = GADBannerViewDelegate.h; path = Vendor/GoogleAdMobAdsSDK/GADBannerViewDelegate.h; sourceTree = "<group>"; };
		0948FB7016A8600000A1A4CE /* GADInterstitial.h */ = {isa = PBXFileReference; fileEncoding = 4; lastKnownFileType = sourcecode.c.h; name = GADInterstitial.h; path = Vendor/GoogleAdMobAdsSDK/GADInterstitial.h; sourceTree = "<group>"; };
		0948FB7116A8600000A1A4CE /* GADInterstitialDelegate.h */ = {isa = PBXFileReference; fileEncoding = 4; lastKnownFileType = sourcecode.c.h; name = GADInterstitialDelegate.h; path = Vendor/GoogleAdMobAdsSDK/GADInterstitialDelegate.h; sourceTree = "<group>"; };
		0948FB7216A8600000A1A4CE /* GADRequest.h */ = {isa = PBXFileReference; fileEncoding = 4; lastKnownFileType = sourcecode.c.h; name = GADRequest.h; path = Vendor/GoogleAdMobAdsSDK/GADRequest.h; sourceTree = "<group>"; };
		0948FB7316A8600000A1A4CE /* GADRequestError.h */ = {isa = PBXFileReference; fileEncoding = 4; lastKnownFileType = sourcecode.c.h; name = GADRequestError.h; path = Vendor/GoogleAdMobAdsSDK/GADRequestError.h; sourceTree = "<group>"; };
		0948FB7416A8600000A1A4CE /* libGoogleAdMobAds.a */ = {isa = PBXFileReference; lastKnownFileType = archive.ar; name = libGoogleAdMobAds.a; path = Vendor/GoogleAdMobAdsSDK/libGoogleAdMobAds.a; sourceTree = "<group>"; };
		0948FB7616A8618200A1A4CE /* AdSupport.framework */ = {isa = PBXFileReference; lastKnownFileType = wrapper.framework; name = AdSupport.framework; path = System/Library/Frameworks/AdSupport.framework; sourceTree = SDKROOT; };
		0948FB7816A8671100A1A4CE /* InAppPurchase.xcodeproj */ = {isa = PBXFileReference; lastKnownFileType = "wrapper.pb-project"; name = InAppPurchase.xcodeproj; path = Vendor/InAppPurchase/InAppPurchase.xcodeproj; sourceTree = "<group>"; };
		09591EDB159E24C4003000D5 /* AudioToolbox.framework */ = {isa = PBXFileReference; lastKnownFileType = wrapper.framework; name = AudioToolbox.framework; path = System/Library/Frameworks/AudioToolbox.framework; sourceTree = SDKROOT; };
		09591EDD159E24CF003000D5 /* SystemConfiguration.framework */ = {isa = PBXFileReference; lastKnownFileType = wrapper.framework; name = SystemConfiguration.framework; path = System/Library/Frameworks/SystemConfiguration.framework; sourceTree = SDKROOT; };
		098CEB54158720A10047294E /* NSDate+Formatter.h */ = {isa = PBXFileReference; fileEncoding = 4; lastKnownFileType = sourcecode.c.h; path = "NSDate+Formatter.h"; sourceTree = "<group>"; };
		098CEB55158720A10047294E /* NSDate+Formatter.m */ = {isa = PBXFileReference; fileEncoding = 4; lastKnownFileType = sourcecode.c.objc; path = "NSDate+Formatter.m"; sourceTree = "<group>"; };
		0991FA46158934880075A50F /* SettingsRepository.h */ = {isa = PBXFileReference; fileEncoding = 4; lastKnownFileType = sourcecode.c.h; path = SettingsRepository.h; sourceTree = "<group>"; };
		0991FA47158934880075A50F /* SettingsRepository.m */ = {isa = PBXFileReference; fileEncoding = 4; lastKnownFileType = sourcecode.c.objc; path = SettingsRepository.m; sourceTree = "<group>"; };
		0991FA4A1589437F0075A50F /* MainViewController.h */ = {isa = PBXFileReference; fileEncoding = 4; lastKnownFileType = sourcecode.c.h; path = MainViewController.h; sourceTree = "<group>"; };
		0991FA4B1589437F0075A50F /* MainViewController.m */ = {isa = PBXFileReference; fileEncoding = 4; lastKnownFileType = sourcecode.c.objc; path = MainViewController.m; sourceTree = "<group>"; };
		0993A424158C7059009DB6E7 /* NSString+Hash.h */ = {isa = PBXFileReference; fileEncoding = 4; lastKnownFileType = sourcecode.c.h; path = "NSString+Hash.h"; sourceTree = "<group>"; };
		0993A425158C7059009DB6E7 /* NSString+Hash.m */ = {isa = PBXFileReference; fileEncoding = 4; lastKnownFileType = sourcecode.c.objc; path = "NSString+Hash.m"; sourceTree = "<group>"; };
		0993A427158C82DA009DB6E7 /* button_green@2x.png */ = {isa = PBXFileReference; lastKnownFileType = image.png; path = "button_green@2x.png"; sourceTree = "<group>"; };
		0993A428158C82DA009DB6E7 /* button_green.png */ = {isa = PBXFileReference; lastKnownFileType = image.png; path = button_green.png; sourceTree = "<group>"; };
		0993A42B158C854C009DB6E7 /* UIButton+Gradient.h */ = {isa = PBXFileReference; fileEncoding = 4; lastKnownFileType = sourcecode.c.h; path = "UIButton+Gradient.h"; sourceTree = "<group>"; };
		0993A42C158C854C009DB6E7 /* UIButton+Gradient.m */ = {isa = PBXFileReference; fileEncoding = 4; lastKnownFileType = sourcecode.c.objc; path = "UIButton+Gradient.m"; sourceTree = "<group>"; };
		09966BE815A0882C00C5C7E0 /* button_red@2.png */ = {isa = PBXFileReference; lastKnownFileType = image.png; path = "button_red@2.png"; sourceTree = "<group>"; };
		09966BE915A0882C00C5C7E0 /* button_red.png */ = {isa = PBXFileReference; lastKnownFileType = image.png; path = button_red.png; sourceTree = "<group>"; };
		09966BEC15A088D100C5C7E0 /* button_gray@2.png */ = {isa = PBXFileReference; lastKnownFileType = image.png; path = "button_gray@2.png"; sourceTree = "<group>"; };
		09966BED15A088D100C5C7E0 /* button_gray.png */ = {isa = PBXFileReference; lastKnownFileType = image.png; path = button_gray.png; sourceTree = "<group>"; };
		09966BF415A08F4700C5C7E0 /* StoreKit.framework */ = {isa = PBXFileReference; lastKnownFileType = wrapper.framework; name = StoreKit.framework; path = System/Library/Frameworks/StoreKit.framework; sourceTree = SDKROOT; };
		09966BFD15A0F02600C5C7E0 /* DisableAdProductActivator.h */ = {isa = PBXFileReference; fileEncoding = 4; lastKnownFileType = sourcecode.c.h; path = DisableAdProductActivator.h; sourceTree = "<group>"; };
		09966BFE15A0F02600C5C7E0 /* DisableAdProductActivator.m */ = {isa = PBXFileReference; fileEncoding = 4; lastKnownFileType = sourcecode.c.objc; path = DisableAdProductActivator.m; sourceTree = "<group>"; };
		09966C0015A0F2CD00C5C7E0 /* ProductIdentifiers.h */ = {isa = PBXFileReference; lastKnownFileType = sourcecode.c.h; path = ProductIdentifiers.h; sourceTree = "<group>"; };
		099FB28915879C03009D4A05 /* e-mail.template */ = {isa = PBXFileReference; explicitFileType = text; fileEncoding = 4; path = "e-mail.template"; sourceTree = "<group>"; usesTabs = 0; };
		099FB28B1587A09B009D4A05 /* TextComposer.h */ = {isa = PBXFileReference; fileEncoding = 4; lastKnownFileType = sourcecode.c.h; path = TextComposer.h; sourceTree = "<group>"; };
		099FB28C1587A09C009D4A05 /* TextComposer.m */ = {isa = PBXFileReference; fileEncoding = 4; lastKnownFileType = sourcecode.c.objc; path = TextComposer.m; sourceTree = "<group>"; };
		09A18EA1159CF8B900EFE5AF /* CustomCityViewController.h */ = {isa = PBXFileReference; fileEncoding = 4; lastKnownFileType = sourcecode.c.h; path = CustomCityViewController.h; sourceTree = "<group>"; };
		09A18EA2159CF8B900EFE5AF /* CustomCityViewController.m */ = {isa = PBXFileReference; fileEncoding = 4; lastKnownFileType = sourcecode.c.objc; path = CustomCityViewController.m; sourceTree = "<group>"; };
		09B4D74516AAA6D8005B9E06 /* AbstractActionSheetPicker.h */ = {isa = PBXFileReference; fileEncoding = 4; lastKnownFileType = sourcecode.c.h; name = AbstractActionSheetPicker.h; path = Vendor/ActionSheetPicker/Pickers/AbstractActionSheetPicker.h; sourceTree = "<group>"; };
		09B4D74616AAA6D8005B9E06 /* AbstractActionSheetPicker.m */ = {isa = PBXFileReference; fileEncoding = 4; lastKnownFileType = sourcecode.c.objc; name = AbstractActionSheetPicker.m; path = Vendor/ActionSheetPicker/Pickers/AbstractActionSheetPicker.m; sourceTree = "<group>"; };
		09B4D74716AAA6D8005B9E06 /* ActionSheetDatePicker.h */ = {isa = PBXFileReference; fileEncoding = 4; lastKnownFileType = sourcecode.c.h; name = ActionSheetDatePicker.h; path = Vendor/ActionSheetPicker/Pickers/ActionSheetDatePicker.h; sourceTree = "<group>"; };
		09B4D74816AAA6D8005B9E06 /* ActionSheetDatePicker.m */ = {isa = PBXFileReference; fileEncoding = 4; lastKnownFileType = sourcecode.c.objc; name = ActionSheetDatePicker.m; path = Vendor/ActionSheetPicker/Pickers/ActionSheetDatePicker.m; sourceTree = "<group>"; };
		09B4D74916AAA6D8005B9E06 /* ActionSheetDistancePicker.h */ = {isa = PBXFileReference; fileEncoding = 4; lastKnownFileType = sourcecode.c.h; name = ActionSheetDistancePicker.h; path = Vendor/ActionSheetPicker/Pickers/ActionSheetDistancePicker.h; sourceTree = "<group>"; };
		09B4D74A16AAA6D8005B9E06 /* ActionSheetDistancePicker.m */ = {isa = PBXFileReference; fileEncoding = 4; lastKnownFileType = sourcecode.c.objc; name = ActionSheetDistancePicker.m; path = Vendor/ActionSheetPicker/Pickers/ActionSheetDistancePicker.m; sourceTree = "<group>"; };
		09B4D74B16AAA6D8005B9E06 /* ActionSheetStringPicker.h */ = {isa = PBXFileReference; fileEncoding = 4; lastKnownFileType = sourcecode.c.h; name = ActionSheetStringPicker.h; path = Vendor/ActionSheetPicker/Pickers/ActionSheetStringPicker.h; sourceTree = "<group>"; };
		09B4D74C16AAA6D8005B9E06 /* ActionSheetStringPicker.m */ = {isa = PBXFileReference; fileEncoding = 4; lastKnownFileType = sourcecode.c.objc; name = ActionSheetStringPicker.m; path = Vendor/ActionSheetPicker/Pickers/ActionSheetStringPicker.m; sourceTree = "<group>"; };
		09B4D74D16AAA6D8005B9E06 /* DistancePickerView.h */ = {isa = PBXFileReference; fileEncoding = 4; lastKnownFileType = sourcecode.c.h; name = DistancePickerView.h; path = Vendor/ActionSheetPicker/Pickers/DistancePickerView.h; sourceTree = "<group>"; };
		09B4D74E16AAA6D8005B9E06 /* DistancePickerView.m */ = {isa = PBXFileReference; fileEncoding = 4; lastKnownFileType = sourcecode.c.objc; name = DistancePickerView.m; path = Vendor/ActionSheetPicker/Pickers/DistancePickerView.m; sourceTree = "<group>"; };
		09B4D75416AAA6E2005B9E06 /* ActionSheetPicker.h */ = {isa = PBXFileReference; fileEncoding = 4; lastKnownFileType = sourcecode.c.h; name = ActionSheetPicker.h; path = Vendor/ActionSheetPicker/ActionSheetPicker.h; sourceTree = "<group>"; };
		09B4D75616AAA6FA005B9E06 /* JSONKit.h */ = {isa = PBXFileReference; fileEncoding = 4; lastKnownFileType = sourcecode.c.h; name = JSONKit.h; path = Vendor/JSONKit/JSONKit.h; sourceTree = "<group>"; };
		09B4D75716AAA6FA005B9E06 /* JSONKit.m */ = {isa = PBXFileReference; fileEncoding = 4; lastKnownFileType = sourcecode.c.objc; name = JSONKit.m; path = Vendor/JSONKit/JSONKit.m; sourceTree = "<group>"; };
		09B4D75A16AAA70E005B9E06 /* Reachability.h */ = {isa = PBXFileReference; fileEncoding = 4; lastKnownFileType = sourcecode.c.h; name = Reachability.h; path = Vendor/Reachability/Reachability.h; sourceTree = "<group>"; };
		09B4D75B16AAA70E005B9E06 /* Reachability.m */ = {isa = PBXFileReference; fileEncoding = 4; lastKnownFileType = sourcecode.c.objc; name = Reachability.m; path = Vendor/Reachability/Reachability.m; sourceTree = "<group>"; };
		09B4D75E16AAA723005B9E06 /* UICKeyChainStore.h */ = {isa = PBXFileReference; fileEncoding = 4; lastKnownFileType = sourcecode.c.h; name = UICKeyChainStore.h; path = Vendor/UICKeyChainStore/UICKeyChainStore.h; sourceTree = "<group>"; };
		09B4D75F16AAA723005B9E06 /* UICKeyChainStore.m */ = {isa = PBXFileReference; fileEncoding = 4; lastKnownFileType = sourcecode.c.objc; name = UICKeyChainStore.m; path = Vendor/UICKeyChainStore/UICKeyChainStore.m; sourceTree = "<group>"; };
		09BEADE6158618D900144302 /* passport.app */ = {isa = PBXFileReference; explicitFileType = wrapper.application; includeInIndex = 0; path = passport.app; sourceTree = BUILT_PRODUCTS_DIR; };
		09BEADEA158618D900144302 /* UIKit.framework */ = {isa = PBXFileReference; lastKnownFileType = wrapper.framework; name = UIKit.framework; path = System/Library/Frameworks/UIKit.framework; sourceTree = SDKROOT; };
		09BEADEC158618D900144302 /* Foundation.framework */ = {isa = PBXFileReference; lastKnownFileType = wrapper.framework; name = Foundation.framework; path = System/Library/Frameworks/Foundation.framework; sourceTree = SDKROOT; };
		09BEADEE158618D900144302 /* CoreGraphics.framework */ = {isa = PBXFileReference; lastKnownFileType = wrapper.framework; name = CoreGraphics.framework; path = System/Library/Frameworks/CoreGraphics.framework; sourceTree = SDKROOT; };
		09BEADF2158618D900144302 /* Passport-Info.plist */ = {isa = PBXFileReference; lastKnownFileType = text.plist.xml; path = "Passport-Info.plist"; sourceTree = "<group>"; };
		09BEADF6158618D900144302 /* main.m */ = {isa = PBXFileReference; lastKnownFileType = sourcecode.c.objc; path = main.m; sourceTree = "<group>"; };
		09BEADF8158618D900144302 /* Passport-Prefix.pch */ = {isa = PBXFileReference; lastKnownFileType = sourcecode.c.h; path = "Passport-Prefix.pch"; sourceTree = "<group>"; };
		09BEADF9158618D900144302 /* AppDelegate.h */ = {isa = PBXFileReference; lastKnownFileType = sourcecode.c.h; path = AppDelegate.h; sourceTree = "<group>"; };
		09BEADFA158618D900144302 /* AppDelegate.m */ = {isa = PBXFileReference; lastKnownFileType = sourcecode.c.objc; path = AppDelegate.m; sourceTree = "<group>"; };
		09BEADFF158618D900144302 /* PassportViewController.h */ = {isa = PBXFileReference; lastKnownFileType = sourcecode.c.h; path = PassportViewController.h; sourceTree = "<group>"; };
		09BEAE00158618D900144302 /* PassportViewController.m */ = {isa = PBXFileReference; lastKnownFileType = sourcecode.c.objc; path = PassportViewController.m; sourceTree = "<group>"; };
		09BEAE06158618D900144302 /* SettingsViewController.h */ = {isa = PBXFileReference; lastKnownFileType = sourcecode.c.h; path = SettingsViewController.h; sourceTree = "<group>"; };
		09BEAE07158618D900144302 /* SettingsViewController.m */ = {isa = PBXFileReference; lastKnownFileType = sourcecode.c.objc; path = SettingsViewController.m; sourceTree = "<group>"; };
		09BEAE14158619DD00144302 /* MainStoryboard.storyboard */ = {isa = PBXFileReference; lastKnownFileType = file.storyboard; path = MainStoryboard.storyboard; sourceTree = "<group>"; };
		09BEAE1D15861BE100144302 /* ScansViewController.h */ = {isa = PBXFileReference; fileEncoding = 4; lastKnownFileType = sourcecode.c.h; path = ScansViewController.h; sourceTree = "<group>"; };
		09BEAE1E15861BE100144302 /* ScansViewController.m */ = {isa = PBXFileReference; fileEncoding = 4; lastKnownFileType = sourcecode.c.objc; path = ScansViewController.m; sourceTree = "<group>"; };
		09BEAE2115861E9C00144302 /* LoginViewController.h */ = {isa = PBXFileReference; fileEncoding = 4; lastKnownFileType = sourcecode.c.h; path = LoginViewController.h; sourceTree = "<group>"; };
		09BEAE2215861E9C00144302 /* LoginViewController.m */ = {isa = PBXFileReference; fileEncoding = 4; lastKnownFileType = sourcecode.c.objc; path = LoginViewController.m; sourceTree = "<group>"; };
		09BEAE2815861F4600144302 /* PasswordViewController.h */ = {isa = PBXFileReference; fileEncoding = 4; lastKnownFileType = sourcecode.c.h; path = PasswordViewController.h; sourceTree = "<group>"; };
		09BEAE2915861F4600144302 /* PasswordViewController.m */ = {isa = PBXFileReference; fileEncoding = 4; lastKnownFileType = sourcecode.c.objc; path = PasswordViewController.m; sourceTree = "<group>"; };
		09BEAE3715864DAD00144302 /* passport.png */ = {isa = PBXFileReference; lastKnownFileType = image.png; path = passport.png; sourceTree = "<group>"; };
		09BEAE3815864DAD00144302 /* passport@2x.png */ = {isa = PBXFileReference; lastKnownFileType = image.png; path = "passport@2x.png"; sourceTree = "<group>"; };
		09BEAE3B15864E5C00144302 /* settings.png */ = {isa = PBXFileReference; lastKnownFileType = image.png; path = settings.png; sourceTree = "<group>"; };
		09BEAE3C15864E5C00144302 /* settings@2x.png */ = {isa = PBXFileReference; lastKnownFileType = image.png; path = "settings@2x.png"; sourceTree = "<group>"; };
		09BEAE3F15864E9600144302 /* scanner.png */ = {isa = PBXFileReference; lastKnownFileType = image.png; path = scanner.png; sourceTree = "<group>"; };
		09BEAE4015864E9600144302 /* scanner@2x.png */ = {isa = PBXFileReference; lastKnownFileType = image.png; path = "scanner@2x.png"; sourceTree = "<group>"; };
		09BEAE44158656DF00144302 /* Passport.h */ = {isa = PBXFileReference; fileEncoding = 4; lastKnownFileType = sourcecode.c.h; path = Passport.h; sourceTree = "<group>"; };
		09BEAE45158656DF00144302 /* Passport.m */ = {isa = PBXFileReference; fileEncoding = 4; lastKnownFileType = sourcecode.c.objc; path = Passport.m; sourceTree = "<group>"; };
		09BEAE471586575A00144302 /* Gender.h */ = {isa = PBXFileReference; fileEncoding = 4; lastKnownFileType = sourcecode.c.h; path = Gender.h; sourceTree = "<group>"; };
		09BEAE9E15868CBD00144302 /* PassportRepository.h */ = {isa = PBXFileReference; fileEncoding = 4; lastKnownFileType = sourcecode.c.h; path = PassportRepository.h; sourceTree = "<group>"; };
		09BEAE9F15868CBD00144302 /* PassportRepository.m */ = {isa = PBXFileReference; fileEncoding = 4; lastKnownFileType = sourcecode.c.objc; path = PassportRepository.m; sourceTree = "<group>"; };
		09BEAEAD158690B300144302 /* Security.framework */ = {isa = PBXFileReference; lastKnownFileType = wrapper.framework; name = Security.framework; path = System/Library/Frameworks/Security.framework; sourceTree = SDKROOT; };
		09BEAEAF1586915E00144302 /* Passport.entitlements */ = {isa = PBXFileReference; lastKnownFileType = text.xml; path = Passport.entitlements; sourceTree = "<group>"; };
		09D8C6AB159B96BC004B8583 /* StatesViewController.h */ = {isa = PBXFileReference; fileEncoding = 4; lastKnownFileType = sourcecode.c.h; path = StatesViewController.h; sourceTree = "<group>"; };
		09D8C6AC159B96BC004B8583 /* StatesViewController.m */ = {isa = PBXFileReference; fileEncoding = 4; lastKnownFileType = sourcecode.c.objc; path = StatesViewController.m; sourceTree = "<group>"; };
		09D8C6B0159B9842004B8583 /* states.json */ = {isa = PBXFileReference; fileEncoding = 4; lastKnownFileType = text.json; path = states.json; sourceTree = "<group>"; };
		09D8C6B2159B984C004B8583 /* cities.json */ = {isa = PBXFileReference; fileEncoding = 4; lastKnownFileType = text.json; path = cities.json; sourceTree = "<group>"; };
		09D8C6B4159BB4C8004B8583 /* CitiesViewController.h */ = {isa = PBXFileReference; fileEncoding = 4; lastKnownFileType = sourcecode.c.h; path = CitiesViewController.h; sourceTree = "<group>"; };
		09D8C6B5159BB4C8004B8583 /* CitiesViewController.m */ = {isa = PBXFileReference; fileEncoding = 4; lastKnownFileType = sourcecode.c.objc; path = CitiesViewController.m; sourceTree = "<group>"; };
		9BEAEAF1586915E00144303 /* README */ = {isa = PBXFileReference; fileEncoding = 4; lastKnownFileType = text; path = README; sourceTree = "<group>"; };
/* End PBXFileReference section */

/* Begin PBXFrameworksBuildPhase section */
		09BEADE3158618D900144302 /* Frameworks */ = {
			isa = PBXFrameworksBuildPhase;
			buildActionMask = 2147483647;
			files = (
				0948FB8716A867FF00A1A4CE /* libInAppPurchase.a in Frameworks */,
				0948FB7716A8618200A1A4CE /* AdSupport.framework in Frameworks */,
				09966BF515A08F4700C5C7E0 /* StoreKit.framework in Frameworks */,
				09591EDE159E24CF003000D5 /* SystemConfiguration.framework in Frameworks */,
				09591EDC159E24C4003000D5 /* AudioToolbox.framework in Frameworks */,
				09BEADEB158618D900144302 /* UIKit.framework in Frameworks */,
				0927E2BD1587AB3300B3EA3B /* MessageUI.framework in Frameworks */,
				09BEAEAE158690B300144302 /* Security.framework in Frameworks */,
				09BEADED158618D900144302 /* Foundation.framework in Frameworks */,
				09BEADEF158618D900144302 /* CoreGraphics.framework in Frameworks */,
				0948FB6916A85DDF00A1A4CE /* libFlurry.a in Frameworks */,
				0948FB7516A8600000A1A4CE /* libGoogleAdMobAds.a in Frameworks */,
			);
			runOnlyForDeploymentPostprocessing = 0;
		};
/* End PBXFrameworksBuildPhase section */

/* Begin PBXGroup section */
		0948FB6616A85DAA00A1A4CE /* Flurry */ = {
			isa = PBXGroup;
			children = (
				0948FB6716A85DDF00A1A4CE /* Flurry.h */,
				0948FB6816A85DDF00A1A4CE /* libFlurry.a */,
			);
			name = Flurry;
			sourceTree = "<group>";
		};
		0948FB6A16A85FF200A1A4CE /* GoogleAdMobAdsSDK */ = {
			isa = PBXGroup;
			children = (
				0948FB6B16A8600000A1A4CE /* GADAdMobExtras.h */,
				0948FB6C16A8600000A1A4CE /* GADAdNetworkExtras.h */,
				0948FB6D16A8600000A1A4CE /* GADAdSize.h */,
				0948FB6E16A8600000A1A4CE /* GADBannerView.h */,
				0948FB6F16A8600000A1A4CE /* GADBannerViewDelegate.h */,
				0948FB7016A8600000A1A4CE /* GADInterstitial.h */,
				0948FB7116A8600000A1A4CE /* GADInterstitialDelegate.h */,
				0948FB7216A8600000A1A4CE /* GADRequest.h */,
				0948FB7316A8600000A1A4CE /* GADRequestError.h */,
				0948FB7416A8600000A1A4CE /* libGoogleAdMobAds.a */,
			);
			name = GoogleAdMobAdsSDK;
			sourceTree = "<group>";
		};
		0948FB7916A8671100A1A4CE /* Products */ = {
			isa = PBXGroup;
			children = (
				0948FB8216A8671100A1A4CE /* libInAppPurchase.a */,
				0948FB8416A8671100A1A4CE /* InAppPurchase.bundle */,
			);
			name = Products;
			sourceTree = "<group>";
		};
		0991FA49158943570075A50F /* General */ = {
			isa = PBXGroup;
			children = (
				0991FA4A1589437F0075A50F /* MainViewController.h */,
				0991FA4B1589437F0075A50F /* MainViewController.m */,
			);
			name = General;
			sourceTree = "<group>";
		};
		09966BF015A08EC400C5C7E0 /* InAppPurchase */ = {
			isa = PBXGroup;
			children = (
				09966BFD15A0F02600C5C7E0 /* DisableAdProductActivator.h */,
				09966BFE15A0F02600C5C7E0 /* DisableAdProductActivator.m */,
				09966C0015A0F2CD00C5C7E0 /* ProductIdentifiers.h */,
			);
			name = InAppPurchase;
			sourceTree = "<group>";
		};
		09B4D74416AAA6CA005B9E06 /* ActionSheetPicker */ = {
			isa = PBXGroup;
			children = (
				09B4D75416AAA6E2005B9E06 /* ActionSheetPicker.h */,
				09B4D74516AAA6D8005B9E06 /* AbstractActionSheetPicker.h */,
				09B4D74616AAA6D8005B9E06 /* AbstractActionSheetPicker.m */,
				09B4D74716AAA6D8005B9E06 /* ActionSheetDatePicker.h */,
				09B4D74816AAA6D8005B9E06 /* ActionSheetDatePicker.m */,
				09B4D74916AAA6D8005B9E06 /* ActionSheetDistancePicker.h */,
				09B4D74A16AAA6D8005B9E06 /* ActionSheetDistancePicker.m */,
				09B4D74B16AAA6D8005B9E06 /* ActionSheetStringPicker.h */,
				09B4D74C16AAA6D8005B9E06 /* ActionSheetStringPicker.m */,
				09B4D74D16AAA6D8005B9E06 /* DistancePickerView.h */,
				09B4D74E16AAA6D8005B9E06 /* DistancePickerView.m */,
			);
			name = ActionSheetPicker;
			sourceTree = "<group>";
		};
		09B4D75516AAA6EE005B9E06 /* JSONKit */ = {
			isa = PBXGroup;
			children = (
				09B4D75616AAA6FA005B9E06 /* JSONKit.h */,
				09B4D75716AAA6FA005B9E06 /* JSONKit.m */,
			);
			name = JSONKit;
			sourceTree = "<group>";
		};
		09B4D75916AAA702005B9E06 /* Reachability */ = {
			isa = PBXGroup;
			children = (
				09B4D75A16AAA70E005B9E06 /* Reachability.h */,
				09B4D75B16AAA70E005B9E06 /* Reachability.m */,
			);
			name = Reachability;
			sourceTree = "<group>";
		};
		09B4D75D16AAA716005B9E06 /* UICKeyChainStore */ = {
			isa = PBXGroup;
			children = (
				09B4D75E16AAA723005B9E06 /* UICKeyChainStore.h */,
				09B4D75F16AAA723005B9E06 /* UICKeyChainStore.m */,
			);
			name = UICKeyChainStore;
			sourceTree = "<group>";
		};
		09BEADDB158618D900144302 = {
			isa = PBXGroup;
			children = (
				9BEAEAF1586915E00144303 /* README */,
				093E9B24158E02BA00ED054B /* passport-57x57.png */,
				093E9B26158E02BE00ED054B /* passport-114x114.png */,
				09BEADF0158618D900144302 /* Passport */,
				09BEADE9158618D900144302 /* Frameworks */,
				09BEADE7158618D900144302 /* Products */,
			);
			sourceTree = "<group>";
		};
		09BEADE7158618D900144302 /* Products */ = {
			isa = PBXGroup;
			children = (
				09BEADE6158618D900144302 /* passport.app */,
			);
			name = Products;
			sourceTree = "<group>";
		};
		09BEADE9158618D900144302 /* Frameworks */ = {
			isa = PBXGroup;
			children = (
				0948FB7816A8671100A1A4CE /* InAppPurchase.xcodeproj */,
				09B4D75D16AAA716005B9E06 /* UICKeyChainStore */,
				09B4D75916AAA702005B9E06 /* Reachability */,
				09B4D75516AAA6EE005B9E06 /* JSONKit */,
				09B4D74416AAA6CA005B9E06 /* ActionSheetPicker */,
				0948FB6A16A85FF200A1A4CE /* GoogleAdMobAdsSDK */,
				0948FB6616A85DAA00A1A4CE /* Flurry */,
				0948FB7616A8618200A1A4CE /* AdSupport.framework */,
				09966BF415A08F4700C5C7E0 /* StoreKit.framework */,
				09591EDD159E24CF003000D5 /* SystemConfiguration.framework */,
				09591EDB159E24C4003000D5 /* AudioToolbox.framework */,
				0927E2BC1587AB3300B3EA3B /* MessageUI.framework */,
				09BEAEAD158690B300144302 /* Security.framework */,
				09BEADEA158618D900144302 /* UIKit.framework */,
				09BEADEC158618D900144302 /* Foundation.framework */,
				09BEADEE158618D900144302 /* CoreGraphics.framework */,
			);
			name = Frameworks;
			sourceTree = "<group>";
		};
		09BEADF0158618D900144302 /* Passport */ = {
			isa = PBXGroup;
			children = (
				09BEADF9158618D900144302 /* AppDelegate.h */,
				09BEADFA158618D900144302 /* AppDelegate.m */,
				09BEAE14158619DD00144302 /* MainStoryboard.storyboard */,
				0991FA49158943570075A50F /* General */,
				09BEAE2715861EF100144302 /* Authentication */,
				09BEAE2415861EB500144302 /* Passport */,
				09BEAE2515861EC900144302 /* Scans */,
				09BEAE2615861ED500144302 /* Settings */,
				09BEAE9C15868C7E00144302 /* DataAccess */,
				09BEAE4815865BF800144302 /* Helpers */,
				09966BF015A08EC400C5C7E0 /* InAppPurchase */,
				09BEADF1158618D900144302 /* Supporting Files */,
				09BEAE121586199D00144302 /* Resources */,
			);
			path = Passport;
			sourceTree = "<group>";
		};
		09BEADF1158618D900144302 /* Supporting Files */ = {
			isa = PBXGroup;
			children = (
				09BEAEAF1586915E00144302 /* Passport.entitlements */,
				09BEADF2158618D900144302 /* Passport-Info.plist */,
				09BEADF6158618D900144302 /* main.m */,
				09BEADF8158618D900144302 /* Passport-Prefix.pch */,
			);
			name = "Supporting Files";
			sourceTree = "<group>";
		};
		09BEAE121586199D00144302 /* Resources */ = {
			isa = PBXGroup;
			children = (
				09D8C6B0159B9842004B8583 /* states.json */,
				09D8C6B2159B984C004B8583 /* cities.json */,
				0993A427158C82DA009DB6E7 /* button_green@2x.png */,
				0993A428158C82DA009DB6E7 /* button_green.png */,
				09966BE815A0882C00C5C7E0 /* button_red@2.png */,
				09966BE915A0882C00C5C7E0 /* button_red.png */,
				09966BEC15A088D100C5C7E0 /* button_gray@2.png */,
				09966BED15A088D100C5C7E0 /* button_gray.png */,
				09BEAE3715864DAD00144302 /* passport.png */,
				09BEAE3815864DAD00144302 /* passport@2x.png */,
				09BEAE3F15864E9600144302 /* scanner.png */,
				09BEAE4015864E9600144302 /* scanner@2x.png */,
				09BEAE3B15864E5C00144302 /* settings.png */,
				09BEAE3C15864E5C00144302 /* settings@2x.png */,
				099FB28915879C03009D4A05 /* e-mail.template */,
				0944213E158CF72000FFDA71 /* print.template */,
			);
			path = Resources;
			sourceTree = "<group>";
		};
		09BEAE2415861EB500144302 /* Passport */ = {
			isa = PBXGroup;
			children = (
				09BEADFF158618D900144302 /* PassportViewController.h */,
				09BEAE00158618D900144302 /* PassportViewController.m */,
				09D8C6AB159B96BC004B8583 /* StatesViewController.h */,
				09D8C6AC159B96BC004B8583 /* StatesViewController.m */,
				09D8C6B4159BB4C8004B8583 /* CitiesViewController.h */,
				09D8C6B5159BB4C8004B8583 /* CitiesViewController.m */,
				09A18EA1159CF8B900EFE5AF /* CustomCityViewController.h */,
				09A18EA2159CF8B900EFE5AF /* CustomCityViewController.m */,
			);
			name = Passport;
			sourceTree = "<group>";
		};
		09BEAE2515861EC900144302 /* Scans */ = {
			isa = PBXGroup;
			children = (
				09BEAE1D15861BE100144302 /* ScansViewController.h */,
				09BEAE1E15861BE100144302 /* ScansViewController.m */,
			);
			name = Scans;
			sourceTree = "<group>";
		};
		09BEAE2615861ED500144302 /* Settings */ = {
			isa = PBXGroup;
			children = (
				09BEAE06158618D900144302 /* SettingsViewController.h */,
				09BEAE07158618D900144302 /* SettingsViewController.m */,
			);
			name = Settings;
			sourceTree = "<group>";
		};
		09BEAE2715861EF100144302 /* Authentication */ = {
			isa = PBXGroup;
			children = (
				09BEAE2115861E9C00144302 /* LoginViewController.h */,
				09BEAE2215861E9C00144302 /* LoginViewController.m */,
				09BEAE2815861F4600144302 /* PasswordViewController.h */,
				09BEAE2915861F4600144302 /* PasswordViewController.m */,
			);
			name = Authentication;
			sourceTree = "<group>";
		};
		09BEAE43158656BA00144302 /* Model */ = {
			isa = PBXGroup;
			children = (
				09BEAE44158656DF00144302 /* Passport.h */,
				09BEAE45158656DF00144302 /* Passport.m */,
				09BEAE471586575A00144302 /* Gender.h */,
			);
			name = Model;
			sourceTree = "<group>";
		};
		09BEAE4815865BF800144302 /* Helpers */ = {
			isa = PBXGroup;
			children = (
				098CEB54158720A10047294E /* NSDate+Formatter.h */,
				098CEB55158720A10047294E /* NSDate+Formatter.m */,
				099FB28B1587A09B009D4A05 /* TextComposer.h */,
				099FB28C1587A09C009D4A05 /* TextComposer.m */,
				0927E2BE1587B0BE00B3EA3B /* GenderFormatter.h */,
				0927E2BF1587B0BE00B3EA3B /* GenderFormatter.m */,
				0993A424158C7059009DB6E7 /* NSString+Hash.h */,
				0993A425158C7059009DB6E7 /* NSString+Hash.m */,
				0993A42B158C854C009DB6E7 /* UIButton+Gradient.h */,
				0993A42C158C854C009DB6E7 /* UIButton+Gradient.m */,
			);
			name = Helpers;
			sourceTree = "<group>";
		};
		09BEAE9C15868C7E00144302 /* DataAccess */ = {
			isa = PBXGroup;
			children = (
				09BEAE43158656BA00144302 /* Model */,
				09BEAE9D15868C9200144302 /* Repositories */,
			);
			name = DataAccess;
			sourceTree = "<group>";
		};
		09BEAE9D15868C9200144302 /* Repositories */ = {
			isa = PBXGroup;
			children = (
				09BEAE9E15868CBD00144302 /* PassportRepository.h */,
				09BEAE9F15868CBD00144302 /* PassportRepository.m */,
				0991FA46158934880075A50F /* SettingsRepository.h */,
				0991FA47158934880075A50F /* SettingsRepository.m */,
			);
			name = Repositories;
			sourceTree = "<group>";
		};
/* End PBXGroup section */

/* Begin PBXNativeTarget section */
		09BEADE5158618D900144302 /* Passport */ = {
			isa = PBXNativeTarget;
			buildConfigurationList = 09BEAE0F158618D900144302 /* Build configuration list for PBXNativeTarget "Passport" */;
			buildPhases = (
				09BEADE2158618D900144302 /* Sources */,
				09BEADE3158618D900144302 /* Frameworks */,
				09BEADE4158618D900144302 /* Resources */,
			);
			buildRules = (
			);
			dependencies = (
				093729FD16AAB98C0096E240 /* PBXTargetDependency */,
			);
			name = Passport;
			productName = Passport;
			productReference = 09BEADE6158618D900144302 /* passport.app */;
			productType = "com.apple.product-type.application";
		};
/* End PBXNativeTarget section */

/* Begin PBXProject section */
		09BEADDD158618D900144302 /* Project object */ = {
			isa = PBXProject;
			attributes = {
				LastUpgradeCheck = 0430;
				ORGANIZATIONNAME = protonail.com;
			};
			buildConfigurationList = 09BEADE0158618D900144302 /* Build configuration list for PBXProject "Passport" */;
			compatibilityVersion = "Xcode 3.2";
			developmentRegion = English;
			hasScannedForEncodings = 0;
			knownRegions = (
				en,
			);
			mainGroup = 09BEADDB158618D900144302;
			productRefGroup = 09BEADE7158618D900144302 /* Products */;
			projectDirPath = "";
			projectReferences = (
				{
					ProductGroup = 0948FB7916A8671100A1A4CE /* Products */;
					ProjectRef = 0948FB7816A8671100A1A4CE /* InAppPurchase.xcodeproj */;
				},
			);
			projectRoot = "";
			targets = (
				09BEADE5158618D900144302 /* Passport */,
			);
		};
/* End PBXProject section */

/* Begin PBXReferenceProxy section */
		0948FB8216A8671100A1A4CE /* libInAppPurchase.a */ = {
			isa = PBXReferenceProxy;
			fileType = archive.ar;
			path = libInAppPurchase.a;
			remoteRef = 0948FB8116A8671100A1A4CE /* PBXContainerItemProxy */;
			sourceTree = BUILT_PRODUCTS_DIR;
		};
		0948FB8416A8671100A1A4CE /* InAppPurchase.bundle */ = {
			isa = PBXReferenceProxy;
			fileType = wrapper.cfbundle;
			path = InAppPurchase.bundle;
			remoteRef = 0948FB8316A8671100A1A4CE /* PBXContainerItemProxy */;
			sourceTree = BUILT_PRODUCTS_DIR;
		};
/* End PBXReferenceProxy section */

/* Begin PBXResourcesBuildPhase section */
		09BEADE4158618D900144302 /* Resources */ = {
			isa = PBXResourcesBuildPhase;
			buildActionMask = 2147483647;
			files = (
				09BEAE13158619DD00144302 /* MainStoryboard.storyboard in Resources */,
				09BEAE3915864DAD00144302 /* passport.png in Resources */,
				09BEAE3A15864DAD00144302 /* passport@2x.png in Resources */,
				09BEAE3D15864E5C00144302 /* settings.png in Resources */,
				09BEAE3E15864E5C00144302 /* settings@2x.png in Resources */,
				09BEAE4115864E9600144302 /* scanner.png in Resources */,
				09BEAE4215864E9600144302 /* scanner@2x.png in Resources */,
				099FB28A15879C04009D4A05 /* e-mail.template in Resources */,
				0993A429158C82DA009DB6E7 /* button_green@2x.png in Resources */,
				0993A42A158C82DA009DB6E7 /* button_green.png in Resources */,
				0944213F158CF72000FFDA71 /* print.template in Resources */,
				093E9B25158E02BA00ED054B /* passport-57x57.png in Resources */,
				093E9B27158E02BE00ED054B /* passport-114x114.png in Resources */,
				09D8C6B1159B9842004B8583 /* states.json in Resources */,
				09D8C6B3159B984C004B8583 /* cities.json in Resources */,
				09966BEA15A0882C00C5C7E0 /* button_red@2.png in Resources */,
				09966BEB15A0882C00C5C7E0 /* button_red.png in Resources */,
				09966BEE15A088D100C5C7E0 /* button_gray@2.png in Resources */,
				09966BEF15A088D100C5C7E0 /* button_gray.png in Resources */,
				09C6BC8716AABD7B00431975 /* InAppPurchase.bundle in Resources */,
			);
			runOnlyForDeploymentPostprocessing = 0;
		};
/* End PBXResourcesBuildPhase section */

/* Begin PBXSourcesBuildPhase section */
		09BEADE2158618D900144302 /* Sources */ = {
			isa = PBXSourcesBuildPhase;
			buildActionMask = 2147483647;
			files = (
				09BEADF7158618D900144302 /* main.m in Sources */,
				09BEADFB158618D900144302 /* AppDelegate.m in Sources */,
				09BEAE01158618D900144302 /* PassportViewController.m in Sources */,
				09BEAE08158618D900144302 /* SettingsViewController.m in Sources */,
				09BEAE1F15861BE100144302 /* ScansViewController.m in Sources */,
				09BEAE2315861E9C00144302 /* LoginViewController.m in Sources */,
				09BEAE2A15861F4600144302 /* PasswordViewController.m in Sources */,
				09BEAE46158656DF00144302 /* Passport.m in Sources */,
				09BEAEA015868CBD00144302 /* PassportRepository.m in Sources */,
				098CEB56158720A10047294E /* NSDate+Formatter.m in Sources */,
				099FB28D1587A09C009D4A05 /* TextComposer.m in Sources */,
				0927E2C01587B0BE00B3EA3B /* GenderFormatter.m in Sources */,
				0991FA48158934880075A50F /* SettingsRepository.m in Sources */,
				0991FA4C1589437F0075A50F /* MainViewController.m in Sources */,
				0993A426158C7059009DB6E7 /* NSString+Hash.m in Sources */,
				0993A42D158C854C009DB6E7 /* UIButton+Gradient.m in Sources */,
				09D8C6AE159B96BC004B8583 /* StatesViewController.m in Sources */,
				09D8C6B6159BB4C8004B8583 /* CitiesViewController.m in Sources */,
				09A18EA3159CF8B900EFE5AF /* CustomCityViewController.m in Sources */,
				09966BFF15A0F02600C5C7E0 /* DisableAdProductActivator.m in Sources */,
				09B4D74F16AAA6D8005B9E06 /* AbstractActionSheetPicker.m in Sources */,
				09B4D75016AAA6D8005B9E06 /* ActionSheetDatePicker.m in Sources */,
				09B4D75116AAA6D8005B9E06 /* ActionSheetDistancePicker.m in Sources */,
				09B4D75216AAA6D8005B9E06 /* ActionSheetStringPicker.m in Sources */,
				09B4D75316AAA6D8005B9E06 /* DistancePickerView.m in Sources */,
				09B4D75816AAA6FA005B9E06 /* JSONKit.m in Sources */,
				09B4D75C16AAA70E005B9E06 /* Reachability.m in Sources */,
				09B4D76016AAA723005B9E06 /* UICKeyChainStore.m in Sources */,
			);
			runOnlyForDeploymentPostprocessing = 0;
		};
/* End PBXSourcesBuildPhase section */

/* Begin PBXTargetDependency section */
		093729FD16AAB98C0096E240 /* PBXTargetDependency */ = {
			isa = PBXTargetDependency;
			name = Framework;
			targetProxy = 093729FC16AAB98C0096E240 /* PBXContainerItemProxy */;
		};
/* End PBXTargetDependency section */

/* Begin XCBuildConfiguration section */
		09676A77158D12290088351D /* AdHoc */ = {
			isa = XCBuildConfiguration;
			buildSettings = {
				ALWAYS_SEARCH_USER_PATHS = NO;
				ARCHS = "$(ARCHS_STANDARD_32_BIT)";
				CLANG_ENABLE_OBJC_ARC = YES;
				CODE_SIGN_IDENTITY = "iPhone Distribution: Maxim Dobryakov";
				COPY_PHASE_STRIP = YES;
				GCC_C_LANGUAGE_STANDARD = gnu99;
				GCC_PREPROCESSOR_DEFINITIONS = ENABLE_FLURRY;
				GCC_VERSION = com.apple.compilers.llvm.clang.1_0;
				GCC_WARN_ABOUT_RETURN_TYPE = YES;
				GCC_WARN_UNINITIALIZED_AUTOS = YES;
				GCC_WARN_UNUSED_VARIABLE = YES;
				IPHONEOS_DEPLOYMENT_TARGET = 5.0;
				OTHER_CFLAGS = "-DNS_BLOCK_ASSERTIONS=1";
				PROVISIONING_PROFILE = "C1F83973-A536-463A-8435-1F9048C8A473";
				SDKROOT = iphoneos;
				VALIDATE_PRODUCT = YES;
			};
			name = AdHoc;
		};
		09676A78158D12290088351D /* AdHoc */ = {
			isa = XCBuildConfiguration;
			buildSettings = {
				CODE_SIGN_ENTITLEMENTS = Passport/Passport.entitlements;
				FRAMEWORK_SEARCH_PATHS = (
					"$(inherited)",
					"\"$(SRCROOT)\"",
				);
				GCC_PRECOMPILE_PREFIX_HEADER = YES;
				GCC_PREFIX_HEADER = "Passport/Passport-Prefix.pch";
				INFOPLIST_FILE = "Passport/Passport-Info.plist";
				LIBRARY_SEARCH_PATHS = (
					"$(inherited)",
					"\"$(SRCROOT)/Vendor/Flurry\"",
					"\"$(SRCROOT)/Vendor/GoogleAdMobAdsSDK\"",
				);
				OTHER_LDFLAGS = "-ObjC";
				PRODUCT_NAME = passport;
				WRAPPER_EXTENSION = app;
			};
			name = AdHoc;
		};
		09BEAE0D158618D900144302 /* Debug */ = {
			isa = XCBuildConfiguration;
			buildSettings = {
				ALWAYS_SEARCH_USER_PATHS = NO;
				ARCHS = "$(ARCHS_STANDARD_32_BIT)";
				CLANG_ENABLE_OBJC_ARC = YES;
				CODE_SIGN_IDENTITY = "iPhone Developer";
				COPY_PHASE_STRIP = NO;
				GCC_C_LANGUAGE_STANDARD = gnu99;
				GCC_DYNAMIC_NO_PIC = NO;
				GCC_OPTIMIZATION_LEVEL = 0;
				GCC_PREPROCESSOR_DEFINITIONS = (
					"DEBUG=1",
					"$(inherited)",
				);
				GCC_SYMBOLS_PRIVATE_EXTERN = NO;
				GCC_VERSION = com.apple.compilers.llvm.clang.1_0;
				GCC_WARN_ABOUT_RETURN_TYPE = YES;
				GCC_WARN_UNINITIALIZED_AUTOS = YES;
				GCC_WARN_UNUSED_VARIABLE = YES;
				IPHONEOS_DEPLOYMENT_TARGET = 5.0;
				PROVISIONING_PROFILE = "";
				SDKROOT = iphoneos;
			};
			name = Debug;
		};
		09BEAE0E158618D900144302 /* Release */ = {
			isa = XCBuildConfiguration;
			buildSettings = {
				ALWAYS_SEARCH_USER_PATHS = NO;
				ARCHS = "$(ARCHS_STANDARD_32_BIT)";
				CLANG_ENABLE_OBJC_ARC = YES;
				CODE_SIGN_IDENTITY = "iPhone Distribution: Maxim Dobryakov";
				COPY_PHASE_STRIP = YES;
				GCC_C_LANGUAGE_STANDARD = gnu99;
				GCC_PREPROCESSOR_DEFINITIONS = ENABLE_FLURRY;
				GCC_VERSION = com.apple.compilers.llvm.clang.1_0;
				GCC_WARN_ABOUT_RETURN_TYPE = YES;
				GCC_WARN_UNINITIALIZED_AUTOS = YES;
				GCC_WARN_UNUSED_VARIABLE = YES;
				IPHONEOS_DEPLOYMENT_TARGET = 5.0;
				OTHER_CFLAGS = "-DNS_BLOCK_ASSERTIONS=1";
				PROVISIONING_PROFILE = "7DF2FDB4-CEE6-4678-BFC5-1C09B2DBCAB0";
				SDKROOT = iphoneos;
				VALIDATE_PRODUCT = YES;
			};
			name = Release;
		};
		09BEAE10158618D900144302 /* Debug */ = {
			isa = XCBuildConfiguration;
			buildSettings = {
				CODE_SIGN_ENTITLEMENTS = Passport/Passport.entitlements;
				FRAMEWORK_SEARCH_PATHS = (
					"$(inherited)",
					"\"$(SRCROOT)\"",
				);
				GCC_PRECOMPILE_PREFIX_HEADER = YES;
				GCC_PREFIX_HEADER = "Passport/Passport-Prefix.pch";
				INFOPLIST_FILE = "Passport/Passport-Info.plist";
				LIBRARY_SEARCH_PATHS = (
					"$(inherited)",
					"\"$(SRCROOT)/Vendor/Flurry\"",
					"\"$(SRCROOT)/Vendor/GoogleAdMobAdsSDK\"",
				);
				OTHER_LDFLAGS = "-ObjC";
				PRODUCT_NAME = passport;
				WRAPPER_EXTENSION = app;
			};
			name = Debug;
		};
		09BEAE11158618D900144302 /* Release */ = {
			isa = XCBuildConfiguration;
			buildSettings = {
				CODE_SIGN_ENTITLEMENTS = Passport/Passport.entitlements;
				FRAMEWORK_SEARCH_PATHS = (
					"$(inherited)",
					"\"$(SRCROOT)\"",
				);
				GCC_PRECOMPILE_PREFIX_HEADER = YES;
				GCC_PREFIX_HEADER = "Passport/Passport-Prefix.pch";
				INFOPLIST_FILE = "Passport/Passport-Info.plist";
				LIBRARY_SEARCH_PATHS = (
					"$(inherited)",
					"\"$(SRCROOT)/Vendor/Flurry\"",
					"\"$(SRCROOT)/Vendor/GoogleAdMobAdsSDK\"",
				);
				OTHER_LDFLAGS = "-ObjC";
				PRODUCT_NAME = passport;
				WRAPPER_EXTENSION = app;
			};
			name = Release;
		};
/* End XCBuildConfiguration section */

/* Begin XCConfigurationList section */
		09BEADE0158618D900144302 /* Build configuration list for PBXProject "Passport" */ = {
			isa = XCConfigurationList;
			buildConfigurations = (
				09BEAE0D158618D900144302 /* Debug */,
				09BEAE0E158618D900144302 /* Release */,
				09676A77158D12290088351D /* AdHoc */,
			);
			defaultConfigurationIsVisible = 0;
			defaultConfigurationName = Release;
		};
		09BEAE0F158618D900144302 /* Build configuration list for PBXNativeTarget "Passport" */ = {
			isa = XCConfigurationList;
			buildConfigurations = (
				09BEAE10158618D900144302 /* Debug */,
				09BEAE11158618D900144302 /* Release */,
				09676A78158D12290088351D /* AdHoc */,
			);
			defaultConfigurationIsVisible = 0;
			defaultConfigurationName = Release;
		};
/* End XCConfigurationList section */
	};
	rootObject = 09BEADDD158618D900144302 /* Project object */;
}
